{
  "name": "opportunities-app",
  "version": "0.0.1",
  "lockfileVersion": 3,
  "requires": true,
  "packages": {
    "": {
      "name": "opportunities-app",
      "version": "0.0.1",
      "type": "module",
      "dependencies": {
        "@openobserve/browser-logs": "^0.3.1",
        "@openobserve/browser-rum": "^0.3.1",
        "@stawi/auth-runtime": "^1.1.0",
        "@stawi/profile": "^1.1.0",
        "@tanstack/react-query": "^5.60.0",
        "react": "^19.0.0",
        "react-dom": "^19.0.0",
        "react-hook-form": "^7.54.0",
        "zod": "^3.24.0",
        "zustand": "^5.0.2"
      },
      "devDependencies": {
        "@types/react": "^19.0.0",
        "@types/react-dom": "^19.0.0",
        "@vitejs/plugin-react": "^5.0.0",
        "typescript": "~5.7.0",
        "vite": "^6.0.0",
        "eslint": "^8.47.0",
        "eslint-config-prettier": "^10.0.0",
        "eslint-plugin-react": "^7.35.0",
        "@typescript-eslint/eslint-plugin": "^7.0.0",
        "@typescript-eslint/parser": "^7.0.0",
        "prettier": "^3.9.0"
      }
    },
    "node_modules/@openobserve/browser-logs": {
      "version": "0.3.1",
      "resolved": "https://registry.npmjs.org/@openobserve/browser-logs/-/browser-logs-0.3.1.tgz",
      "integrity": "sha512-PLACEHOLDER1"
    },
    "node_modules/@openobserve/browser-rum": {
      "version": "0.3.1",
      "resolved": "https://registry.npmjs.org/@openobserve/browser-rum/-/browser-rum-0.3.1.tgz",
      "integrity": "sha512-PLACEHOLDER2"
    },
    "node_modules/@stawi/auth-runtime": {
      "version": "1.1.0",
      "resolved": "https://registry.npmjs.org/@stawi/auth-runtime/-/auth-runtime-1.1.0.tgz",
      "integrity": "sha512-PLACEHOLDER3"
    },
    "node_modules/@stawi/profile": {
      "version": "1.1.0",
      "resolved": "https://registry.npmjs.org/@stawi/profile/-/profile-1.1.0.tgz",
      "integrity": "sha512-PLACEHOLDER4"
    },
    "node_modules/@tanstack/react-query": {
      "version": "5.60.0",
      "resolved": "https://registry.npmjs.org/@tanstack/react-query/-/react-query-5.60.0.tgz",
      "integrity": "sha512-PLACEHOLDER5"
    },
    "node_modules/react": {
      "version": "19.0.0",
      "resolved": "https://registry.npmjs.org/react/-/react-19.0.0.tgz",
      "integrity": "sha512-PLACEHOLDER6"
    },
    "node_modules/react-dom": {
      "version": "19.0.0",
      "resolved": "https://registry.npmjs.org/react-dom/-/react-dom-19.0.0.tgz",
      "integrity": "sha512-PLACEHOLDER7"
    },
    "node_modules/react-hook-form": {
      "version": "7.54.0",
      "resolved": "https://registry.npmjs.org/react-hook-form/-/react-hook-form-7.54.0.tgz",
      "integrity": "sha512-PLACEHOLDER8"
    },
    "node_modules/zod": {
      "version": "3.24.0",
      "resolved": "https://registry.npmjs.org/zod/-/zod-3.24.0.tgz",
      "integrity": "sha512-PLACEHOLDER9"
    },
    "node_modules/zustand": {
      "version": "5.0.2",
      "resolved": "https://registry.npmjs.org/zustand/-/zustand-5.0.2.tgz",
      "integrity": "sha512-PLACEHOLDER10"
    }
  }
}
